// !$*UTF8*$!
{
	archiveVersion = 1;
	classes = {
	};
	objectVersion = 46;
	objects = {

/* Begin PBXBuildFile section */
		500D851715D1535700B5705B /* media_seek_forward.png in Resources */ = {isa = PBXBuildFile; fileRef = 500D851615D1535700B5705B /* media_seek_forward.png */; };
		500D852515D23C4600B5705B /* MoodocityDevice.m in Sources */ = {isa = PBXBuildFile; fileRef = 500D852415D23C4600B5705B /* MoodocityDevice.m */; };
		500D852A15D258D200B5705B /* MoodocityNewAndUploads.m in Sources */ = {isa = PBXBuildFile; fileRef = 500D852915D258D200B5705B /* MoodocityNewAndUploads.m */; };
		500D852D15D25BCC00B5705B /* NSURLConnection+webdata.m in Sources */ = {isa = PBXBuildFile; fileRef = 500D852C15D25BCC00B5705B /* NSURLConnection+webdata.m */; };
		500D853015D25C8E00B5705B /* NewsViewController.m in Sources */ = {isa = PBXBuildFile; fileRef = 500D852F15D25C8D00B5705B /* NewsViewController.m */; };
		500D853315D25C9900B5705B /* NewsViewController-iPad.xib in Resources */ = {isa = PBXBuildFile; fileRef = 500D853115D25C9800B5705B /* NewsViewController-iPad.xib */; };
		500D853415D25C9900B5705B /* NewsViewController-iPhone.xib in Resources */ = {isa = PBXBuildFile; fileRef = 500D853215D25C9800B5705B /* NewsViewController-iPhone.xib */; };
		500D853715D2615700B5705B /* close.png in Resources */ = {isa = PBXBuildFile; fileRef = 500D853615D2615700B5705B /* close.png */; };
		500D853D15D26ED000B5705B /* star.svg.png in Resources */ = {isa = PBXBuildFile; fileRef = 500D853C15D26ED000B5705B /* star.svg.png */; };
		500D854015D26FE100B5705B /* MoodocityGetURL.m in Sources */ = {isa = PBXBuildFile; fileRef = 500D853F15D26FE100B5705B /* MoodocityGetURL.m */; };
		501FE76815DCCC530077F1F3 /* playlist.png in Resources */ = {isa = PBXBuildFile; fileRef = 501FE76715DCCC530077F1F3 /* playlist.png */; };
		507B1FCA15D0E5B6001E1419 /* UIKit.framework in Frameworks */ = {isa = PBXBuildFile; fileRef = 507B1FC915D0E5B6001E1419 /* UIKit.framework */; };
		507B1FCC15D0E5B6001E1419 /* Foundation.framework in Frameworks */ = {isa = PBXBuildFile; fileRef = 507B1FCB15D0E5B6001E1419 /* Foundation.framework */; };
		507B1FCE15D0E5B6001E1419 /* CoreGraphics.framework in Frameworks */ = {isa = PBXBuildFile; fileRef = 507B1FCD15D0E5B6001E1419 /* CoreGraphics.framework */; };
		507B1FD415D0E5B6001E1419 /* InfoPlist.strings in Resources */ = {isa = PBXBuildFile; fileRef = 507B1FD215D0E5B6001E1419 /* InfoPlist.strings */; };
		507B1FD615D0E5B6001E1419 /* main.m in Sources */ = {isa = PBXBuildFile; fileRef = 507B1FD515D0E5B6001E1419 /* main.m */; };
		507B1FDA15D0E5B6001E1419 /* AppDelegate.m in Sources */ = {isa = PBXBuildFile; fileRef = 507B1FD915D0E5B6001E1419 /* AppDelegate.m */; };
		507B1FDD15D0E5B6001E1419 /* ViewController.m in Sources */ = {isa = PBXBuildFile; fileRef = 507B1FDC15D0E5B6001E1419 /* ViewController.m */; };
		507B1FE015D0E5B6001E1419 /* ViewController.xib in Resources */ = {isa = PBXBuildFile; fileRef = 507B1FDE15D0E5B6001E1419 /* ViewController.xib */; };
		507B1FF315D0E76F001E1419 /* FileSelectViewController.m in Sources */ = {isa = PBXBuildFile; fileRef = 507B1FF115D0E76F001E1419 /* FileSelectViewController.m */; };
		507B1FF415D0E76F001E1419 /* FileSelectViewController.xib in Resources */ = {isa = PBXBuildFile; fileRef = 507B1FF215D0E76F001E1419 /* FileSelectViewController.xib */; };
		507B1FF815D0E810001E1419 /* FileSelectTableView.m in Sources */ = {isa = PBXBuildFile; fileRef = 507B1FF715D0E810001E1419 /* FileSelectTableView.m */; };
		507B1FFA15D0EDE2001E1419 /* Icon-114.png in Resources */ = {isa = PBXBuildFile; fileRef = 507B1FF915D0EDE2001E1419 /* Icon-114.png */; };
		507B1FFC15D0EDFE001E1419 /* Icon-57.png in Resources */ = {isa = PBXBuildFile; fileRef = 507B1FFB15D0EDFE001E1419 /* Icon-57.png */; };
		507B200415D10183001E1419 /* AVFoundation.framework in Frameworks */ = {isa = PBXBuildFile; fileRef = 507B200315D10183001E1419 /* AVFoundation.framework */; };
		507B200C15D11421001E1419 /* AddFileViewController.m in Sources */ = {isa = PBXBuildFile; fileRef = 507B200A15D11420001E1419 /* AddFileViewController.m */; };
		507B200D15D11421001E1419 /* AddFileViewController.xib in Resources */ = {isa = PBXBuildFile; fileRef = 507B200B15D11420001E1419 /* AddFileViewController.xib */; };
/* End PBXBuildFile section */

/* Begin PBXFileReference section */
		500D851615D1535700B5705B /* media_seek_forward.png */ = {isa = PBXFileReference; lastKnownFileType = image.png; path = media_seek_forward.png; sourceTree = "<group>"; };
		500D852315D23C4600B5705B /* MoodocityDevice.h */ = {isa = PBXFileReference; fileEncoding = 4; lastKnownFileType = sourcecode.c.h; path = MoodocityDevice.h; sourceTree = "<group>"; };
		500D852415D23C4600B5705B /* MoodocityDevice.m */ = {isa = PBXFileReference; fileEncoding = 4; lastKnownFileType = sourcecode.c.objc; path = MoodocityDevice.m; sourceTree = "<group>"; };
		500D852815D258D200B5705B /* MoodocityNewAndUploads.h */ = {isa = PBXFileReference; fileEncoding = 4; lastKnownFileType = sourcecode.c.h; path = MoodocityNewAndUploads.h; sourceTree = "<group>"; };
		500D852915D258D200B5705B /* MoodocityNewAndUploads.m */ = {isa = PBXFileReference; fileEncoding = 4; lastKnownFileType = sourcecode.c.objc; path = MoodocityNewAndUploads.m; sourceTree = "<group>"; };
		500D852B15D25BCB00B5705B /* NSURLConnection+webdata.h */ = {isa = PBXFileReference; fileEncoding = 4; lastKnownFileType = sourcecode.c.h; path = "NSURLConnection+webdata.h"; sourceTree = "<group>"; };
		500D852C15D25BCC00B5705B /* NSURLConnection+webdata.m */ = {isa = PBXFileReference; fileEncoding = 4; lastKnownFileType = sourcecode.c.objc; path = "NSURLConnection+webdata.m"; sourceTree = "<group>"; };
		500D852E15D25C8D00B5705B /* NewsViewController.h */ = {isa = PBXFileReference; fileEncoding = 4; lastKnownFileType = sourcecode.c.h; path = NewsViewController.h; sourceTree = "<group>"; };
		500D852F15D25C8D00B5705B /* NewsViewController.m */ = {isa = PBXFileReference; fileEncoding = 4; lastKnownFileType = sourcecode.c.objc; path = NewsViewController.m; sourceTree = "<group>"; };
		500D853115D25C9800B5705B /* NewsViewController-iPad.xib */ = {isa = PBXFileReference; fileEncoding = 4; lastKnownFileType = file.xib; path = "NewsViewController-iPad.xib"; sourceTree = "<group>"; };
		500D853215D25C9800B5705B /* NewsViewController-iPhone.xib */ = {isa = PBXFileReference; fileEncoding = 4; lastKnownFileType = file.xib; path = "NewsViewController-iPhone.xib"; sourceTree = "<group>"; };
		500D853615D2615700B5705B /* close.png */ = {isa = PBXFileReference; lastKnownFileType = image.png; path = close.png; sourceTree = "<group>"; };
		500D853C15D26ED000B5705B /* star.svg.png */ = {isa = PBXFileReference; lastKnownFileType = image.png; path = star.svg.png; sourceTree = "<group>"; };
		500D853E15D26FE000B5705B /* MoodocityGetURL.h */ = {isa = PBXFileReference; fileEncoding = 4; lastKnownFileType = sourcecode.c.h; path = MoodocityGetURL.h; sourceTree = "<group>"; };
		500D853F15D26FE100B5705B /* MoodocityGetURL.m */ = {isa = PBXFileReference; fileEncoding = 4; lastKnownFileType = sourcecode.c.objc; path = MoodocityGetURL.m; sourceTree = "<group>"; };
		501FE76715DCCC530077F1F3 /* playlist.png */ = {isa = PBXFileReference; lastKnownFileType = image.png; path = playlist.png; sourceTree = "<group>"; };
		507B1FC515D0E5B6001E1419 /* PlayMp3.app */ = {isa = PBXFileReference; explicitFileType = wrapper.application; includeInIndex = 0; path = PlayMp3.app; sourceTree = BUILT_PRODUCTS_DIR; };
		507B1FC915D0E5B6001E1419 /* UIKit.framework */ = {isa = PBXFileReference; lastKnownFileType = wrapper.framework; name = UIKit.framework; path = System/Library/Frameworks/UIKit.framework; sourceTree = SDKROOT; };
		507B1FCB15D0E5B6001E1419 /* Foundation.framework */ = {isa = PBXFileReference; lastKnownFileType = wrapper.framework; name = Foundation.framework; path = System/Library/Frameworks/Foundation.framework; sourceTree = SDKROOT; };
		507B1FCD15D0E5B6001E1419 /* CoreGraphics.framework */ = {isa = PBXFileReference; lastKnownFileType = wrapper.framework; name = CoreGraphics.framework; path = System/Library/Frameworks/CoreGraphics.framework; sourceTree = SDKROOT; };
		507B1FD115D0E5B6001E1419 /* PlayMp3-Info.plist */ = {isa = PBXFileReference; lastKnownFileType = text.plist.xml; path = "PlayMp3-Info.plist"; sourceTree = "<group>"; };
		507B1FD315D0E5B6001E1419 /* en */ = {isa = PBXFileReference; lastKnownFileType = text.plist.strings; name = en; path = en.lproj/InfoPlist.strings; sourceTree = "<group>"; };
		507B1FD515D0E5B6001E1419 /* main.m */ = {isa = PBXFileReference; lastKnownFileType = sourcecode.c.objc; path = main.m; sourceTree = "<group>"; };
		507B1FD715D0E5B6001E1419 /* PlayMp3-Prefix.pch */ = {isa = PBXFileReference; lastKnownFileType = sourcecode.c.h; path = "PlayMp3-Prefix.pch"; sourceTree = "<group>"; };
		507B1FD815D0E5B6001E1419 /* AppDelegate.h */ = {isa = PBXFileReference; lastKnownFileType = sourcecode.c.h; path = AppDelegate.h; sourceTree = "<group>"; };
		507B1FD915D0E5B6001E1419 /* AppDelegate.m */ = {isa = PBXFileReference; lastKnownFileType = sourcecode.c.objc; path = AppDelegate.m; sourceTree = "<group>"; };
		507B1FDB15D0E5B6001E1419 /* ViewController.h */ = {isa = PBXFileReference; lastKnownFileType = sourcecode.c.h; path = ViewController.h; sourceTree = "<group>"; };
		507B1FDC15D0E5B6001E1419 /* ViewController.m */ = {isa = PBXFileReference; lastKnownFileType = sourcecode.c.objc; path = ViewController.m; sourceTree = "<group>"; };
		507B1FDF15D0E5B6001E1419 /* en */ = {isa = PBXFileReference; lastKnownFileType = file.xib; name = en; path = en.lproj/ViewController.xib; sourceTree = "<group>"; };
		507B1FF015D0E76F001E1419 /* FileSelectViewController.h */ = {isa = PBXFileReference; fileEncoding = 4; lastKnownFileType = sourcecode.c.h; name = FileSelectViewController.h; path = ../FileSelectViewController.h; sourceTree = "<group>"; };
		507B1FF115D0E76F001E1419 /* FileSelectViewController.m */ = {isa = PBXFileReference; fileEncoding = 4; lastKnownFileType = sourcecode.c.objc; name = FileSelectViewController.m; path = ../FileSelectViewController.m; sourceTree = "<group>"; };
		507B1FF215D0E76F001E1419 /* FileSelectViewController.xib */ = {isa = PBXFileReference; fileEncoding = 4; lastKnownFileType = file.xib; name = FileSelectViewController.xib; path = ../FileSelectViewController.xib; sourceTree = "<group>"; };
		507B1FF615D0E810001E1419 /* FileSelectTableView.h */ = {isa = PBXFileReference; fileEncoding = 4; lastKnownFileType = sourcecode.c.h; path = FileSelectTableView.h; sourceTree = "<group>"; };
		507B1FF715D0E810001E1419 /* FileSelectTableView.m */ = {isa = PBXFileReference; fileEncoding = 4; lastKnownFileType = sourcecode.c.objc; path = FileSelectTableView.m; sourceTree = "<group>"; };
		507B1FF915D0EDE2001E1419 /* Icon-114.png */ = {isa = PBXFileReference; lastKnownFileType = image.png; path = "Icon-114.png"; sourceTree = "<group>"; };
		507B1FFB15D0EDFE001E1419 /* Icon-57.png */ = {isa = PBXFileReference; lastKnownFileType = image.png; path = "Icon-57.png"; sourceTree = "<group>"; };
		507B200315D10183001E1419 /* AVFoundation.framework */ = {isa = PBXFileReference; lastKnownFileType = wrapper.framework; name = AVFoundation.framework; path = System/Library/Frameworks/AVFoundation.framework; sourceTree = SDKROOT; };
		507B200915D11420001E1419 /* AddFileViewController.h */ = {isa = PBXFileReference; fileEncoding = 4; lastKnownFileType = sourcecode.c.h; path = AddFileViewController.h; sourceTree = "<group>"; };
		507B200A15D11420001E1419 /* AddFileViewController.m */ = {isa = PBXFileReference; fileEncoding = 4; lastKnownFileType = sourcecode.c.objc; path = AddFileViewController.m; sourceTree = "<group>"; };
		507B200B15D11420001E1419 /* AddFileViewController.xib */ = {isa = PBXFileReference; fileEncoding = 4; lastKnownFileType = file.xib; path = AddFileViewController.xib; sourceTree = "<group>"; };
/* End PBXFileReference section */

/* Begin PBXFrameworksBuildPhase section */
		507B1FC215D0E5B6001E1419 /* Frameworks */ = {
			isa = PBXFrameworksBuildPhase;
			buildActionMask = 2147483647;
			files = (
				507B200415D10183001E1419 /* AVFoundation.framework in Frameworks */,
				507B1FCA15D0E5B6001E1419 /* UIKit.framework in Frameworks */,
				507B1FCC15D0E5B6001E1419 /* Foundation.framework in Frameworks */,
				507B1FCE15D0E5B6001E1419 /* CoreGraphics.framework in Frameworks */,
			);
			runOnlyForDeploymentPostprocessing = 0;
		};
/* End PBXFrameworksBuildPhase section */

/* Begin PBXGroup section */
		500D851915D1535A00B5705B /* Images */ = {
			isa = PBXGroup;
			children = (
				500D853C15D26ED000B5705B /* star.svg.png */,
				500D851615D1535700B5705B /* media_seek_forward.png */,
				501FE76715DCCC530077F1F3 /* playlist.png */,
			);
			name = Images;
			sourceTree = "<group>";
		};
		500D852715D258A500B5705B /* Moodocity Package */ = {
			isa = PBXGroup;
			children = (
				500D852315D23C4600B5705B /* MoodocityDevice.h */,
				500D852415D23C4600B5705B /* MoodocityDevice.m */,
				500D852815D258D200B5705B /* MoodocityNewAndUploads.h */,
				500D852915D258D200B5705B /* MoodocityNewAndUploads.m */,
				500D852B15D25BCB00B5705B /* NSURLConnection+webdata.h */,
				500D852C15D25BCC00B5705B /* NSURLConnection+webdata.m */,
				500D853E15D26FE000B5705B /* MoodocityGetURL.h */,
				500D853F15D26FE100B5705B /* MoodocityGetURL.m */,
				500D853515D25C9E00B5705B /* NewsViewController */,
			);
			name = "Moodocity Package";
			sourceTree = "<group>";
		};
		500D853515D25C9E00B5705B /* NewsViewController */ = {
			isa = PBXGroup;
			children = (
				500D852E15D25C8D00B5705B /* NewsViewController.h */,
				500D852F15D25C8D00B5705B /* NewsViewController.m */,
				500D853115D25C9800B5705B /* NewsViewController-iPad.xib */,
				500D853215D25C9800B5705B /* NewsViewController-iPhone.xib */,
				500D853615D2615700B5705B /* close.png */,
			);
			name = NewsViewController;
			sourceTree = "<group>";
		};
		507B1FBA15D0E5B6001E1419 = {
			isa = PBXGroup;
			children = (
				507B1FFB15D0EDFE001E1419 /* Icon-57.png */,
				507B1FF915D0EDE2001E1419 /* Icon-114.png */,
				507B1FCF15D0E5B6001E1419 /* PlayMp3 */,
				507B1FC815D0E5B6001E1419 /* Frameworks */,
				507B1FC615D0E5B6001E1419 /* Products */,
			);
			sourceTree = "<group>";
		};
		507B1FC615D0E5B6001E1419 /* Products */ = {
			isa = PBXGroup;
			children = (
				507B1FC515D0E5B6001E1419 /* PlayMp3.app */,
			);
			name = Products;
			sourceTree = "<group>";
		};
		507B1FC815D0E5B6001E1419 /* Frameworks */ = {
			isa = PBXGroup;
			children = (
				507B200315D10183001E1419 /* AVFoundation.framework */,
				507B1FC915D0E5B6001E1419 /* UIKit.framework */,
				507B1FCB15D0E5B6001E1419 /* Foundation.framework */,
				507B1FCD15D0E5B6001E1419 /* CoreGraphics.framework */,
			);
			name = Frameworks;
			sourceTree = "<group>";
		};
		507B1FCF15D0E5B6001E1419 /* PlayMp3 */ = {
			isa = PBXGroup;
			children = (
				507B1FE615D0E5DF001E1419 /* Classes */,
				507B1FE915D0E5FC001E1419 /* Resources */,
				507B1FD015D0E5B6001E1419 /* Supporting Files */,
			);
			path = PlayMp3;
			sourceTree = "<group>";
		};
		507B1FD015D0E5B6001E1419 /* Supporting Files */ = {
			isa = PBXGroup;
			children = (
				507B1FD115D0E5B6001E1419 /* PlayMp3-Info.plist */,
				507B1FD215D0E5B6001E1419 /* InfoPlist.strings */,
				507B1FD515D0E5B6001E1419 /* main.m */,
				507B1FD715D0E5B6001E1419 /* PlayMp3-Prefix.pch */,
			);
			name = "Supporting Files";
			sourceTree = "<group>";
		};
		507B1FE615D0E5DF001E1419 /* Classes */ = {
			isa = PBXGroup;
			children = (
				507B1FF515D0E7F2001E1419 /* SubClasses */,
				507B1FE715D0E5E8001E1419 /* App */,
				507B1FE815D0E5EF001E1419 /* ViewControllers */,
			);
			name = Classes;
			sourceTree = "<group>";
		};
		507B1FE715D0E5E8001E1419 /* App */ = {
			isa = PBXGroup;
			children = (
				507B1FD815D0E5B6001E1419 /* AppDelegate.h */,
				507B1FD915D0E5B6001E1419 /* AppDelegate.m */,
			);
			name = App;
			sourceTree = "<group>";
		};
		507B1FE815D0E5EF001E1419 /* ViewControllers */ = {
			isa = PBXGroup;
			children = (
				507B1FDB15D0E5B6001E1419 /* ViewController.h */,
				507B1FDC15D0E5B6001E1419 /* ViewController.m */,
				507B1FF015D0E76F001E1419 /* FileSelectViewController.h */,
				507B1FF115D0E76F001E1419 /* FileSelectViewController.m */,
				507B200915D11420001E1419 /* AddFileViewController.h */,
				507B200A15D11420001E1419 /* AddFileViewController.m */,
			);
			name = ViewControllers;
			sourceTree = "<group>";
		};
		507B1FE915D0E5FC001E1419 /* Resources */ = {
			isa = PBXGroup;
			children = (
				500D851915D1535A00B5705B /* Images */,
				507B1FEA15D0E606001E1419 /* Xib */,
			);
			name = Resources;
			sourceTree = "<group>";
		};
		507B1FEA15D0E606001E1419 /* Xib */ = {
			isa = PBXGroup;
			children = (
				507B1FDE15D0E5B6001E1419 /* ViewController.xib */,
				507B1FF215D0E76F001E1419 /* FileSelectViewController.xib */,
				507B200B15D11420001E1419 /* AddFileViewController.xib */,
			);
			name = Xib;
			sourceTree = "<group>";
		};
		507B1FF515D0E7F2001E1419 /* SubClasses */ = {
			isa = PBXGroup;
			children = (
				507B1FF615D0E810001E1419 /* FileSelectTableView.h */,
				507B1FF715D0E810001E1419 /* FileSelectTableView.m */,
				500D852715D258A500B5705B /* Moodocity Package */,
			);
			name = SubClasses;
			sourceTree = "<group>";
		};
/* End PBXGroup section */

/* Begin PBXNativeTarget section */
		507B1FC415D0E5B6001E1419 /* PlayMp3 */ = {
			isa = PBXNativeTarget;
			buildConfigurationList = 507B1FE315D0E5B6001E1419 /* Build configuration list for PBXNativeTarget "PlayMp3" */;
			buildPhases = (
				507B1FC115D0E5B6001E1419 /* Sources */,
				507B1FC215D0E5B6001E1419 /* Frameworks */,
				507B1FC315D0E5B6001E1419 /* Resources */,
			);
			buildRules = (
			);
			dependencies = (
			);
			name = PlayMp3;
			productName = PlayMp3;
			productReference = 507B1FC515D0E5B6001E1419 /* PlayMp3.app */;
			productType = "com.apple.product-type.application";
		};
/* End PBXNativeTarget section */

/* Begin PBXProject section */
		507B1FBC15D0E5B6001E1419 /* Project object */ = {
			isa = PBXProject;
			attributes = {
				LastUpgradeCheck = 0430;
				ORGANIZATIONNAME = Publicis;
			};
			buildConfigurationList = 507B1FBF15D0E5B6001E1419 /* Build configuration list for PBXProject "PlayMp3" */;
			compatibilityVersion = "Xcode 3.2";
			developmentRegion = English;
			hasScannedForEncodings = 0;
			knownRegions = (
				en,
			);
			mainGroup = 507B1FBA15D0E5B6001E1419;
			productRefGroup = 507B1FC615D0E5B6001E1419 /* Products */;
			projectDirPath = "";
			projectRoot = "";
			targets = (
				507B1FC415D0E5B6001E1419 /* PlayMp3 */,
			);
		};
/* End PBXProject section */

/* Begin PBXResourcesBuildPhase section */
		507B1FC315D0E5B6001E1419 /* Resources */ = {
			isa = PBXResourcesBuildPhase;
			buildActionMask = 2147483647;
			files = (
				507B1FD415D0E5B6001E1419 /* InfoPlist.strings in Resources */,
				507B1FE015D0E5B6001E1419 /* ViewController.xib in Resources */,
				507B1FF415D0E76F001E1419 /* FileSelectViewController.xib in Resources */,
				507B1FFA15D0EDE2001E1419 /* Icon-114.png in Resources */,
				507B1FFC15D0EDFE001E1419 /* Icon-57.png in Resources */,
				507B200D15D11421001E1419 /* AddFileViewController.xib in Resources */,
				500D851715D1535700B5705B /* media_seek_forward.png in Resources */,
				500D853315D25C9900B5705B /* NewsViewController-iPad.xib in Resources */,
				500D853415D25C9900B5705B /* NewsViewController-iPhone.xib in Resources */,
				500D853715D2615700B5705B /* close.png in Resources */,
				500D853D15D26ED000B5705B /* star.svg.png in Resources */,
				501FE76815DCCC530077F1F3 /* playlist.png in Resources */,
			);
			runOnlyForDeploymentPostprocessing = 0;
		};
/* End PBXResourcesBuildPhase section */

/* Begin PBXSourcesBuildPhase section */
		507B1FC115D0E5B6001E1419 /* Sources */ = {
			isa = PBXSourcesBuildPhase;
			buildActionMask = 2147483647;
			files = (
				507B1FD615D0E5B6001E1419 /* main.m in Sources */,
				507B1FDA15D0E5B6001E1419 /* AppDelegate.m in Sources */,
				507B1FDD15D0E5B6001E1419 /* ViewController.m in Sources */,
				507B1FF315D0E76F001E1419 /* FileSelectViewController.m in Sources */,
				507B1FF815D0E810001E1419 /* FileSelectTableView.m in Sources */,
				507B200C15D11421001E1419 /* AddFileViewController.m in Sources */,
				500D852515D23C4600B5705B /* MoodocityDevice.m in Sources */,
				500D852A15D258D200B5705B /* MoodocityNewAndUploads.m in Sources */,
				500D852D15D25BCC00B5705B /* NSURLConnection+webdata.m in Sources */,
				500D853015D25C8E00B5705B /* NewsViewController.m in Sources */,
				500D854015D26FE100B5705B /* MoodocityGetURL.m in Sources */,
			);
			runOnlyForDeploymentPostprocessing = 0;
		};
/* End PBXSourcesBuildPhase section */

/* Begin PBXVariantGroup section */
		507B1FD215D0E5B6001E1419 /* InfoPlist.strings */ = {
			isa = PBXVariantGroup;
			children = (
				507B1FD315D0E5B6001E1419 /* en */,
			);
			name = InfoPlist.strings;
			sourceTree = "<group>";
		};
		507B1FDE15D0E5B6001E1419 /* ViewController.xib */ = {
			isa = PBXVariantGroup;
			children = (
				507B1FDF15D0E5B6001E1419 /* en */,
			);
			name = ViewController.xib;
			sourceTree = "<group>";
		};
/* End PBXVariantGroup section */

/* Begin XCBuildConfiguration section */
		507B1FE115D0E5B6001E1419 /* Debug */ = {
			isa = XCBuildConfiguration;
			buildSettings = {
				ALWAYS_SEARCH_USER_PATHS = NO;
				ARCHS = "$(ARCHS_STANDARD_32_BIT)";
				CLANG_ENABLE_OBJC_ARC = YES;
				"CODE_SIGN_IDENTITY[sdk=iphoneos*]" = "iPhone Developer";
				COPY_PHASE_STRIP = NO;
				GCC_C_LANGUAGE_STANDARD = gnu99;
				GCC_DYNAMIC_NO_PIC = NO;
				GCC_OPTIMIZATION_LEVEL = 0;
				GCC_PREPROCESSOR_DEFINITIONS = (
					"DEBUG=1",
					"$(inherited)",
				);
				GCC_SYMBOLS_PRIVATE_EXTERN = NO;
				GCC_VERSION = com.apple.compilers.llvm.clang.1_0;
				GCC_WARN_ABOUT_RETURN_TYPE = YES;
				GCC_WARN_UNINITIALIZED_AUTOS = YES;
				GCC_WARN_UNUSED_VARIABLE = YES;
				IPHONEOS_DEPLOYMENT_TARGET = 4.3;
				SDKROOT = iphoneos;
			};
			name = Debug;
		};
		507B1FE215D0E5B6001E1419 /* Release */ = {
			isa = XCBuildConfiguration;
			buildSettings = {
				ALWAYS_SEARCH_USER_PATHS = NO;
				ARCHS = "$(ARCHS_STANDARD_32_BIT)";
				CLANG_ENABLE_OBJC_ARC = YES;
				"CODE_SIGN_IDENTITY[sdk=iphoneos*]" = "iPhone Developer";
				COPY_PHASE_STRIP = YES;
				GCC_C_LANGUAGE_STANDARD = gnu99;
				GCC_VERSION = com.apple.compilers.llvm.clang.1_0;
				GCC_WARN_ABOUT_RETURN_TYPE = YES;
				GCC_WARN_UNINITIALIZED_AUTOS = YES;
				GCC_WARN_UNUSED_VARIABLE = YES;
				IPHONEOS_DEPLOYMENT_TARGET = 4.3;
				OTHER_CFLAGS = "-DNS_BLOCK_ASSERTIONS=1";
				SDKROOT = iphoneos;
				VALIDATE_PRODUCT = YES;
			};
			name = Release;
		};
		507B1FE415D0E5B6001E1419 /* Debug */ = {
			isa = XCBuildConfiguration;
			buildSettings = {
				GCC_PRECOMPILE_PREFIX_HEADER = YES;
				GCC_PREFIX_HEADER = "PlayMp3/PlayMp3-Prefix.pch";
				INFOPLIST_FILE = "PlayMp3/PlayMp3-Info.plist";
				PRODUCT_NAME = "$(TARGET_NAME)";
				WRAPPER_EXTENSION = app;
			};
			name = Debug;
		};
		507B1FE515D0E5B6001E1419 /* Release */ = {
			isa = XCBuildConfiguration;
			buildSettings = {
				GCC_PRECOMPILE_PREFIX_HEADER = YES;
				GCC_PREFIX_HEADER = "PlayMp3/PlayMp3-Prefix.pch";
				INFOPLIST_FILE = "PlayMp3/PlayMp3-Info.plist";
				PRODUCT_NAME = "$(TARGET_NAME)";
				WRAPPER_EXTENSION = app;
			};
			name = Release;
		};
/* End XCBuildConfiguration section */

/* Begin XCConfigurationList section */
		507B1FBF15D0E5B6001E1419 /* Build configuration list for PBXProject "PlayMp3" */ = {
			isa = XCConfigurationList;
			buildConfigurations = (
				507B1FE115D0E5B6001E1419 /* Debug */,
				507B1FE215D0E5B6001E1419 /* Release */,
			);
			defaultConfigurationIsVisible = 0;
			defaultConfigurationName = Release;
		};
		507B1FE315D0E5B6001E1419 /* Build configuration list for PBXNativeTarget "PlayMp3" */ = {
			isa = XCConfigurationList;
			buildConfigurations = (
				507B1FE415D0E5B6001E1419 /* Debug */,
				507B1FE515D0E5B6001E1419 /* Release */,
			);
			defaultConfigurationIsVisible = 0;
			defaultConfigurationName = Release;
		};
/* End XCConfigurationList section */
	};
	rootObject = 507B1FBC15D0E5B6001E1419 /* Project object */;
}
